
Microsoft Visual Studio Solution File, Format Version 12.00
# Visual Studio Version 17
VisualStudioVersion = 17.7.34202.233
MinimumVisualStudioVersion = 10.0.40219.1
Project("{9A19103F-16F7-4668-BE54-9A1E7A4F7556}") = "PersonAppAPI", "PersonApp\PersonAppAPI.csproj", "{FE0B97B6-9A21-4CCD-B62C-BE809E1C4A49}"
EndProject
Project("{FAE04EC0-301F-11D3-BF4B-00C04F79EFBC}") = "PersonAppWeb", "PersonAppWeb\PersonAppWeb.csproj", "{5D1BF5E0-C71C-43B4-9A3E-98D100F064CD}"
EndProject
Global
	GlobalSection(SolutionConfigurationPlatforms) = preSolution
		Debug|Any CPU = Debug|Any CPU
		Release|Any CPU = Release|Any CPU
	EndGlobalSection
	GlobalSection(ProjectConfigurationPlatforms) = postSolution
		{FE0B97B6-9A21-4CCD-B62C-BE809E1C4A49}.Debug|Any CPU.ActiveCfg = Debug|Any CPU
		{FE0B97B6-9A21-4CCD-B62C-BE809E1C4A49}.Debug|Any CPU.Build.0 = Debug|Any CPU
		{FE0B97B6-9A21-4CCD-B62C-BE809E1C4A49}.Release|Any CPU.ActiveCfg = Release|Any CPU
		{FE0B97B6-9A21-4CCD-B62C-BE809E1C4A49}.Release|Any CPU.Build.0 = Release|Any CPU
		{5D1BF5E0-C71C-43B4-9A3E-98D100F064CD}.Debug|Any CPU.ActiveCfg = Debug|Any CPU
		{5D1BF5E0-C71C-43B4-9A3E-98D100F064CD}.Debug|Any CPU.Build.0 = Debug|Any CPU
		{5D1BF5E0-C71C-43B4-9A3E-98D100F064CD}.Release|Any CPU.ActiveCfg = Release|Any CPU
		{5D1BF5E0-C71C-43B4-9A3E-98D100F064CD}.Release|Any CPU.Build.0 = Release|Any CPU
	EndGlobalSection
	GlobalSection(SolutionProperties) = preSolution
		HideSolutionNode = FALSE
	EndGlobalSection
	GlobalSection(ExtensibilityGlobals) = postSolution
		SolutionGuid = {C51DC0EA-B147-4667-86EA-7E7F1F257497}
	EndGlobalSection
EndGlobal
